{
  "version": 4,
  "terraform_version": "0.12.16",
  "serial": 27,
  "lineage": "ad58b960-cf8a-28fa-5838-4205a062c2b5",
  "outputs": {
    "alb_arn": {
      "value": "arn:aws:elasticloadbalancing:ap-south-1:547042525088:loadbalancer/app/dev-app-alb/956d553754cffd4a",
      "type": "string"
    },
    "log_group": {
      "value": "/dev/ecs-cluster/app",
      "type": "string"
    }
  },
  "resources": [
    {
      "module": "module.ecs_cluster",
      "mode": "data",
      "type": "aws_ami",
      "name": "amazon_linux_2",
      "provider": "module.ecs_cluster.provider.aws",
      "instances": [
        {
          "schema_version": 0,
          "attributes": {
            "architecture": "x86_64",
            "block_device_mappings": [
              {
                "device_name": "/dev/xvda",
                "ebs": {
                  "delete_on_termination": "true",
                  "encrypted": "false",
                  "iops": "0",
                  "snapshot_id": "snap-0c1245630cd587579",
                  "volume_size": "30",
                  "volume_type": "gp2"
                },
                "no_device": "",
                "virtual_name": ""
              }
            ],
            "creation_date": "2020-11-28T01:17:01.000Z",
            "description": "Amazon Linux AMI 2.0.20201130 x86_64 ECS HVM GP2",
            "executable_users": null,
            "filter": [
              {
                "name": "name",
                "values": [
                  "amzn2-ami-ecs-hvm-*-x86_64-ebs"
                ]
              }
            ],
            "hypervisor": "xen",
            "id": "ami-01ab67467126a45fb",
            "image_id": "ami-01ab67467126a45fb",
            "image_location": "amazon/amzn2-ami-ecs-hvm-2.0.20201130-x86_64-ebs",
            "image_owner_alias": "amazon",
            "image_type": "machine",
            "kernel_id": null,
            "most_recent": true,
            "name": "amzn2-ami-ecs-hvm-2.0.20201130-x86_64-ebs",
            "name_regex": null,
            "owner_id": "591542846629",
            "owners": [
              "amazon"
            ],
            "platform": null,
            "product_codes": [],
            "public": true,
            "ramdisk_id": null,
            "root_device_name": "/dev/xvda",
            "root_device_type": "ebs",
            "root_snapshot_id": "snap-0c1245630cd587579",
            "sriov_net_support": "simple",
            "state": "available",
            "state_reason": {
              "code": "UNSET",
              "message": "UNSET"
            },
            "tags": {},
            "virtualization_type": "hvm"
          }
        }
      ]
    },
    {
      "module": "module.ecs_cluster",
      "mode": "data",
      "type": "template_file",
      "name": "ami_id",
      "provider": "provider.template",
      "instances": [
        {
          "schema_version": 0,
          "attributes": {
            "filename": null,
            "id": "dab042d4aff27cf6dc2a197aeba8593e0f13d71b21723d329c2776df7d90ae41",
            "rendered": "ami-01ab67467126a45fb",
            "template": "ami-01ab67467126a45fb",
            "vars": null
          }
        }
      ]
    },
    {
      "module": "module.ecs_cluster",
      "mode": "data",
      "type": "template_file",
      "name": "cluster_instance_policy",
      "provider": "provider.template",
      "instances": [
        {
          "schema_version": 0,
          "attributes": {
            "filename": null,
            "id": "f2a91f85cb810fbefe84f06dcb1ad5f972991eac996a6881e481b464cad5dafd",
            "rendered": "{\n    \"Version\": \"2012-10-17\",\n    \"Statement\": [\n      {\n        \"Effect\": \"Allow\",\n        \"Action\": [\n          \"ecs:CreateCluster\",\n          \"ecs:DeregisterContainerInstance\",\n          \"ecs:DiscoverPollEndpoint\",\n          \"ecs:Poll\",\n          \"ecs:RegisterContainerInstance\",\n          \"ecs:StartTelemetrySession\",\n          \"ecs:Submit*\",\n          \"ecr:GetAuthorizationToken\",\n          \"ecr:GetDownloadUrlForLayer\",\n          \"ecr:BatchGetImage\",\n          \"ecr:BatchCheckLayerAvailability\",\n          \"s3:GetObject\",\n          \"logs:CreateLogStream\",\n          \"logs:PutLogEvents\"\n        ],\n        \"Resource\": \"*\"\n      }\n    ]\n  }",
            "template": "{\n    \"Version\": \"2012-10-17\",\n    \"Statement\": [\n      {\n        \"Effect\": \"Allow\",\n        \"Action\": [\n          \"ecs:CreateCluster\",\n          \"ecs:DeregisterContainerInstance\",\n          \"ecs:DiscoverPollEndpoint\",\n          \"ecs:Poll\",\n          \"ecs:RegisterContainerInstance\",\n          \"ecs:StartTelemetrySession\",\n          \"ecs:Submit*\",\n          \"ecr:GetAuthorizationToken\",\n          \"ecr:GetDownloadUrlForLayer\",\n          \"ecr:BatchGetImage\",\n          \"ecr:BatchCheckLayerAvailability\",\n          \"s3:GetObject\",\n          \"logs:CreateLogStream\",\n          \"logs:PutLogEvents\"\n        ],\n        \"Resource\": \"*\"\n      }\n    ]\n  }",
            "vars": null
          }
        }
      ]
    },
    {
      "module": "module.ecs_cluster",
      "mode": "data",
      "type": "template_file",
      "name": "cluster_user_data",
      "provider": "provider.template",
      "instances": [
        {
          "schema_version": 0,
          "attributes": {
            "filename": null,
            "id": "bcb2a48f8289dd682ed9ee0bb2689945118bacaa6940d757192ae3ede4010ddc",
            "rendered": "#!/bin/bash\necho \"ECS_CLUSTER=dev-app\" \u003e /etc/ecs/ecs.config",
            "template": "#!/bin/bash\necho \"ECS_CLUSTER=${cluster_name}\" \u003e /etc/ecs/ecs.config",
            "vars": {
              "cluster_name": "dev-app"
            }
          }
        }
      ]
    },
    {
      "module": "module.ecs_cluster",
      "mode": "managed",
      "type": "aws_autoscaling_group",
      "name": "cluster",
      "provider": "module.ecs_cluster.provider.aws",
      "instances": [
        {
          "schema_version": 0,
          "attributes": {
            "arn": "arn:aws:autoscaling:ap-south-1:547042525088:autoScalingGroup:76030ed4-2aef-4fa4-9e44-f21a4db19e1a:autoScalingGroupName/asg-dev-app-20201205192900905600000007",
            "availability_zones": [
              "ap-south-1a",
              "ap-south-1b",
              "ap-south-1c"
            ],
            "default_cooldown": 300,
            "desired_capacity": 0,
            "enabled_metrics": null,
            "force_delete": false,
            "health_check_grace_period": 300,
            "health_check_type": "EC2",
            "id": "asg-dev-app-20201205192900905600000007",
            "initial_lifecycle_hook": [],
            "launch_configuration": "cluster-dev-app-20201205192900212800000006",
            "launch_template": [],
            "load_balancers": [],
            "max_instance_lifetime": 0,
            "max_size": 0,
            "metrics_granularity": "1Minute",
            "min_elb_capacity": null,
            "min_size": 0,
            "mixed_instances_policy": [],
            "name": "asg-dev-app-20201205192900905600000007",
            "name_prefix": "asg-dev-app-",
            "placement_group": "",
            "protect_from_scale_in": false,
            "service_linked_role_arn": "arn:aws:iam::547042525088:role/aws-service-role/autoscaling.amazonaws.com/AWSServiceRoleForAutoScaling",
            "suspended_processes": null,
            "tag": [
              {
                "key": "ClusterName",
                "propagate_at_launch": true,
                "value": "app"
              },
              {
                "key": "DeploymentIdentifier",
                "propagate_at_launch": true,
                "value": "dev"
              },
              {
                "key": "Name",
                "propagate_at_launch": true,
                "value": "cluster-worker-dev-app"
              }
            ],
            "tags": null,
            "target_group_arns": [],
            "termination_policies": null,
            "timeouts": null,
            "vpc_zone_identifier": [
              "subnet-1da39675",
              "subnet-2ca70b57",
              "subnet-8947ddc5"
            ],
            "wait_for_capacity_timeout": "10m",
            "wait_for_elb_capacity": null
          },
          "private": "eyJlMmJmYjczMC1lY2FhLTExZTYtOGY4OC0zNDM2M2JjN2M0YzAiOnsiZGVsZXRlIjo2MDAwMDAwMDAwMDB9fQ==",
          "dependencies": [
            "module.ecs_cluster.aws_iam_instance_profile.cluster",
            "module.ecs_cluster.aws_iam_policy.cluster_instance_policy",
            "module.ecs_cluster.aws_iam_policy.cluster_service_policy",
            "module.ecs_cluster.aws_iam_policy_attachment.cluster_instance_policy_attachment",
            "module.ecs_cluster.aws_iam_policy_attachment.cluster_service_policy_attachment",
            "module.ecs_cluster.aws_iam_role.cluster_instance_role",
            "module.ecs_cluster.aws_iam_role.cluster_service_role",
            "module.ecs_cluster.aws_key_pair.cluster",
            "module.ecs_cluster.aws_launch_configuration.cluster",
            "module.ecs_cluster.aws_security_group.cluster",
            "module.ecs_cluster.null_resource.iam_wait"
          ]
        }
      ]
    },
    {
      "module": "module.ecs_cluster",
      "mode": "managed",
      "type": "aws_cloudwatch_log_group",
      "name": "cluster",
      "provider": "module.ecs_cluster.provider.aws",
      "instances": [
        {
          "schema_version": 0,
          "attributes": {
            "arn": "arn:aws:logs:ap-south-1:547042525088:log-group:/dev/ecs-cluster/app:*",
            "id": "/dev/ecs-cluster/app",
            "kms_key_id": "",
            "name": "/dev/ecs-cluster/app",
            "name_prefix": null,
            "retention_in_days": 0,
            "tags": null
          },
          "private": "bnVsbA=="
        }
      ]
    },
    {
      "module": "module.ecs_cluster",
      "mode": "managed",
      "type": "aws_db_instance",
      "name": "test",
      "provider": "module.ecs_cluster.provider.aws",
      "instances": [
        {
          "schema_version": 1,
          "attributes": {
            "address": "terraform-20201205192835499000000005.cnw8ypza8spw.ap-south-1.rds.amazonaws.com",
            "allocated_storage": 20,
            "allow_major_version_upgrade": null,
            "apply_immediately": null,
            "arn": "arn:aws:rds:ap-south-1:547042525088:db:terraform-20201205192835499000000005",
            "auto_minor_version_upgrade": true,
            "availability_zone": "ap-south-1b",
            "backup_retention_period": 0,
            "backup_window": "17:05-17:35",
            "ca_cert_identifier": "rds-ca-2019",
            "character_set_name": null,
            "copy_tags_to_snapshot": false,
            "db_subnet_group_name": "default",
            "delete_automated_backups": true,
            "deletion_protection": false,
            "domain": "",
            "domain_iam_role_name": "",
            "enabled_cloudwatch_logs_exports": null,
            "endpoint": "terraform-20201205192835499000000005.cnw8ypza8spw.ap-south-1.rds.amazonaws.com:3306",
            "engine": "mysql",
            "engine_version": "5.7.26",
            "final_snapshot_identifier": null,
            "hosted_zone_id": "Z2VFMSZA74J7XZ",
            "iam_database_authentication_enabled": false,
            "id": "terraform-20201205192835499000000005",
            "identifier": "terraform-20201205192835499000000005",
            "identifier_prefix": null,
            "instance_class": "db.t2.micro",
            "iops": 0,
            "kms_key_id": "",
            "license_model": "general-public-license",
            "maintenance_window": "sun:07:32-sun:08:02",
            "max_allocated_storage": 0,
            "monitoring_interval": 0,
            "monitoring_role_arn": "",
            "multi_az": false,
            "name": "student",
            "option_group_name": "default:mysql-5-7",
            "parameter_group_name": "default.mysql5.7",
            "password": "password123",
            "performance_insights_enabled": false,
            "performance_insights_kms_key_id": "",
            "performance_insights_retention_period": 0,
            "port": 3306,
            "publicly_accessible": false,
            "replicas": [],
            "replicate_source_db": "",
            "resource_id": "db-Y3TTW7MKS77QRFVHYVRMALKAN4",
            "s3_import": [],
            "security_group_names": null,
            "skip_final_snapshot": true,
            "snapshot_identifier": null,
            "status": "available",
            "storage_encrypted": false,
            "storage_type": "gp2",
            "tags": null,
            "timeouts": null,
            "timezone": "",
            "username": "admin",
            "vpc_security_group_ids": [
              "sg-01ffafaca9f1c242f"
            ]
          },
          "private": "eyJlMmJmYjczMC1lY2FhLTExZTYtOGY4OC0zNDM2M2JjN2M0YzAiOnsiY3JlYXRlIjoyNDAwMDAwMDAwMDAwLCJkZWxldGUiOjI0MDAwMDAwMDAwMDAsInVwZGF0ZSI6NDgwMDAwMDAwMDAwMH0sInNjaGVtYV92ZXJzaW9uIjoiMSJ9",
          "dependencies": [
            "module.ecs_cluster.aws_security_group.allow_db"
          ]
        }
      ]
    },
    {
      "module": "module.ecs_cluster",
      "mode": "managed",
      "type": "aws_ecr_repository",
      "name": "test",
      "provider": "module.ecs_cluster.provider.aws",
      "instances": [
        {
          "schema_version": 0,
          "attributes": {
            "arn": "arn:aws:ecr:ap-south-1:547042525088:repository/dev-app-app",
            "id": "dev-app-app",
            "image_scanning_configuration": [
              {
                "scan_on_push": true
              }
            ],
            "image_tag_mutability": "MUTABLE",
            "name": "dev-app-app",
            "registry_id": "547042525088",
            "repository_url": "547042525088.dkr.ecr.ap-south-1.amazonaws.com/dev-app-app",
            "tags": null,
            "timeouts": null
          },
          "private": "eyJlMmJmYjczMC1lY2FhLTExZTYtOGY4OC0zNDM2M2JjN2M0YzAiOnsiZGVsZXRlIjoxMjAwMDAwMDAwMDAwfX0="
        }
      ]
    },
    {
      "module": "module.ecs_cluster",
      "mode": "managed",
      "type": "aws_ecs_capacity_provider",
      "name": "autoscaling_group",
      "each": "list",
      "provider": "module.ecs_cluster.provider.aws",
      "instances": []
    },
    {
      "module": "module.ecs_cluster",
      "mode": "managed",
      "type": "aws_ecs_cluster",
      "name": "cluster",
      "provider": "module.ecs_cluster.provider.aws",
      "instances": [
        {
          "schema_version": 0,
          "attributes": {
            "arn": "arn:aws:ecs:ap-south-1:547042525088:cluster/dev-app",
            "capacity_providers": null,
            "default_capacity_provider_strategy": [],
            "id": "arn:aws:ecs:ap-south-1:547042525088:cluster/dev-app",
            "name": "dev-app",
            "setting": [
              {
                "name": "containerInsights",
                "value": "disabled"
              }
            ],
            "tags": {
              "DeploymentIdentifier": "dev"
            }
          },
          "private": "bnVsbA==",
          "dependencies": [
            "module.ecs_cluster.aws_ecs_capacity_provider.autoscaling_group",
            "module.ecs_cluster.aws_iam_instance_profile.cluster",
            "module.ecs_cluster.aws_iam_policy.cluster_instance_policy",
            "module.ecs_cluster.aws_iam_policy.cluster_service_policy",
            "module.ecs_cluster.aws_iam_policy_attachment.cluster_instance_policy_attachment",
            "module.ecs_cluster.aws_iam_policy_attachment.cluster_service_policy_attachment",
            "module.ecs_cluster.aws_iam_role.cluster_instance_role",
            "module.ecs_cluster.aws_iam_role.cluster_service_role",
            "module.ecs_cluster.null_resource.iam_wait"
          ]
        }
      ]
    },
    {
      "module": "module.ecs_cluster",
      "mode": "managed",
      "type": "aws_ecs_service",
      "name": "test",
      "provider": "module.ecs_cluster.provider.aws",
      "instances": [
        {
          "schema_version": 0,
          "attributes": {
            "capacity_provider_strategy": [],
            "cluster": "arn:aws:ecs:ap-south-1:547042525088:cluster/dev-app",
            "deployment_controller": [
              {
                "type": "ECS"
              }
            ],
            "deployment_maximum_percent": 200,
            "deployment_minimum_healthy_percent": 100,
            "desired_count": 0,
            "enable_ecs_managed_tags": false,
            "force_new_deployment": null,
            "health_check_grace_period_seconds": 0,
            "iam_role": "arn:aws:iam::547042525088:role/terraform-20201205192823745100000003",
            "id": "arn:aws:ecs:ap-south-1:547042525088:service/dev-app/dev-app-service",
            "launch_type": "EC2",
            "load_balancer": [
              {
                "container_name": "nginx",
                "container_port": 9000,
                "elb_name": "",
                "target_group_arn": "arn:aws:elasticloadbalancing:ap-south-1:547042525088:targetgroup/dev-app-tg/3f2791ea8aa56d36"
              }
            ],
            "name": "dev-app-service",
            "network_configuration": [],
            "ordered_placement_strategy": [],
            "placement_constraints": [],
            "placement_strategy": [],
            "platform_version": "",
            "propagate_tags": "NONE",
            "scheduling_strategy": "REPLICA",
            "service_registries": [],
            "tags": null,
            "task_definition": "arn:aws:ecs:ap-south-1:547042525088:task-definition/dev-app-taskdfn:3"
          },
          "private": "bnVsbA==",
          "dependencies": [
            "module.ecs_cluster.aws_ecs_capacity_provider.autoscaling_group",
            "module.ecs_cluster.aws_ecs_cluster.cluster",
            "module.ecs_cluster.aws_ecs_task_definition.app",
            "module.ecs_cluster.aws_iam_instance_profile.cluster",
            "module.ecs_cluster.aws_iam_policy.cluster_instance_policy",
            "module.ecs_cluster.aws_iam_policy.cluster_service_policy",
            "module.ecs_cluster.aws_iam_policy_attachment.cluster_instance_policy_attachment",
            "module.ecs_cluster.aws_iam_policy_attachment.cluster_service_policy_attachment",
            "module.ecs_cluster.aws_iam_role.cluster_instance_role",
            "module.ecs_cluster.aws_iam_role.cluster_service_role",
            "module.ecs_cluster.aws_lb.test",
            "module.ecs_cluster.aws_lb_target_group.test",
            "module.ecs_cluster.aws_security_group.allow_http",
            "module.ecs_cluster.null_resource.iam_wait"
          ]
        }
      ]
    },
    {
      "module": "module.ecs_cluster",
      "mode": "managed",
      "type": "aws_ecs_task_definition",
      "name": "app",
      "provider": "module.ecs_cluster.provider.aws",
      "instances": [
        {
          "schema_version": 1,
          "attributes": {
            "arn": "arn:aws:ecs:ap-south-1:547042525088:task-definition/dev-app-taskdfn:3",
            "container_definitions": "[{\"cpu\":2,\"environment\":[],\"essential\":true,\"image\":\"nginx:1.13-alpine\",\"logConfiguration\":{\"logDriver\":\"awslogs\",\"options\":{\"awslogs-group\":\"/dev/ecs-cluster/app\",\"awslogs-region\":\"ap-south-1\"}},\"memory\":1024,\"mountPoints\":[],\"name\":\"nginx\",\"portMappings\":[{\"containerPort\":9000,\"hostPort\":0,\"protocol\":\"tcp\"}],\"volumesFrom\":[]}]",
            "cpu": "",
            "execution_role_arn": "",
            "family": "dev-app-taskdfn",
            "id": "dev-app-taskdfn",
            "inference_accelerator": [],
            "ipc_mode": "",
            "memory": "",
            "network_mode": "",
            "pid_mode": "",
            "placement_constraints": [],
            "proxy_configuration": [],
            "requires_compatibilities": null,
            "revision": 3,
            "tags": null,
            "task_role_arn": "",
            "volume": []
          },
          "private": "eyJzY2hlbWFfdmVyc2lvbiI6IjEifQ=="
        }
      ]
    },
    {
      "module": "module.ecs_cluster",
      "mode": "managed",
      "type": "aws_iam_instance_profile",
      "name": "cluster",
      "provider": "module.ecs_cluster.provider.aws",
      "instances": [
        {
          "schema_version": 0,
          "attributes": {
            "arn": "arn:aws:iam::547042525088:instance-profile/cluster-instance-profile-dev-app",
            "create_date": "2020-12-05T19:28:26Z",
            "id": "cluster-instance-profile-dev-app",
            "name": "cluster-instance-profile-dev-app",
            "name_prefix": null,
            "path": "/",
            "role": "terraform-20201205192823745700000004",
            "roles": [],
            "unique_id": "AIPAX6XSGP6QGV6D5A5TA"
          },
          "private": "bnVsbA==",
          "dependencies": [
            "module.ecs_cluster.aws_iam_role.cluster_instance_role"
          ]
        }
      ]
    },
    {
      "module": "module.ecs_cluster",
      "mode": "managed",
      "type": "aws_iam_policy",
      "name": "cluster_instance_policy",
      "provider": "module.ecs_cluster.provider.aws",
      "instances": [
        {
          "schema_version": 0,
          "attributes": {
            "arn": "arn:aws:iam::547042525088:policy/terraform-20201205192823743800000001",
            "description": "cluster-instance-policy-dev-app",
            "id": "arn:aws:iam::547042525088:policy/terraform-20201205192823743800000001",
            "name": "terraform-20201205192823743800000001",
            "name_prefix": null,
            "path": "/",
            "policy": "{\n    \"Version\": \"2012-10-17\",\n    \"Statement\": [\n      {\n        \"Effect\": \"Allow\",\n        \"Action\": [\n          \"ecs:CreateCluster\",\n          \"ecs:DeregisterContainerInstance\",\n          \"ecs:DiscoverPollEndpoint\",\n          \"ecs:Poll\",\n          \"ecs:RegisterContainerInstance\",\n          \"ecs:StartTelemetrySession\",\n          \"ecs:Submit*\",\n          \"ecr:GetAuthorizationToken\",\n          \"ecr:GetDownloadUrlForLayer\",\n          \"ecr:BatchGetImage\",\n          \"ecr:BatchCheckLayerAvailability\",\n          \"s3:GetObject\",\n          \"logs:CreateLogStream\",\n          \"logs:PutLogEvents\"\n        ],\n        \"Resource\": \"*\"\n      }\n    ]\n  }"
          },
          "private": "bnVsbA=="
        }
      ]
    },
    {
      "module": "module.ecs_cluster",
      "mode": "managed",
      "type": "aws_iam_policy",
      "name": "cluster_service_policy",
      "provider": "module.ecs_cluster.provider.aws",
      "instances": [
        {
          "schema_version": 0,
          "attributes": {
            "arn": "arn:aws:iam::547042525088:policy/terraform-20201205192823744600000002",
            "description": "cluster-service-policy-dev-app",
            "id": "arn:aws:iam::547042525088:policy/terraform-20201205192823744600000002",
            "name": "terraform-20201205192823744600000002",
            "name_prefix": null,
            "path": "/",
            "policy": "{\n    \"Version\": \"2012-10-17\",\n    \"Statement\": [\n      {\n        \"Effect\": \"Allow\",\n        \"Action\": [\n          \"elasticloadbalancing:Describe*\",\n          \"elasticloadbalancing:DeregisterInstancesFromLoadBalancer\",\n          \"elasticloadbalancing:DeregisterTargets\",\n          \"elasticloadbalancing:RegisterInstancesWithLoadBalancer\",\n          \"elasticloadbalancing:RegisterTargets\",\n          \"ec2:Describe*\",\n          \"ec2:AuthorizeSecurityGroupIngress\"\n        ],\n        \"Resource\": \"*\"\n      }\n    ]\n  }"
          },
          "private": "bnVsbA=="
        }
      ]
    },
    {
      "module": "module.ecs_cluster",
      "mode": "managed",
      "type": "aws_iam_policy_attachment",
      "name": "cluster_instance_policy_attachment",
      "provider": "module.ecs_cluster.provider.aws",
      "instances": [
        {
          "schema_version": 0,
          "attributes": {
            "groups": null,
            "id": "cluster-instance-policy-attachment-dev-app",
            "name": "cluster-instance-policy-attachment-dev-app",
            "policy_arn": "arn:aws:iam::547042525088:policy/terraform-20201205192823743800000001",
            "roles": [
              "terraform-20201205192823745700000004"
            ],
            "users": null
          },
          "private": "bnVsbA==",
          "dependencies": [
            "module.ecs_cluster.aws_iam_policy.cluster_instance_policy",
            "module.ecs_cluster.aws_iam_role.cluster_instance_role"
          ]
        }
      ]
    },
    {
      "module": "module.ecs_cluster",
      "mode": "managed",
      "type": "aws_iam_policy_attachment",
      "name": "cluster_service_policy_attachment",
      "provider": "module.ecs_cluster.provider.aws",
      "instances": [
        {
          "schema_version": 0,
          "attributes": {
            "groups": null,
            "id": "cluster-instance-policy-attachment-dev-app",
            "name": "cluster-instance-policy-attachment-dev-app",
            "policy_arn": "arn:aws:iam::547042525088:policy/terraform-20201205192823744600000002",
            "roles": [
              "terraform-20201205192823745100000003"
            ],
            "users": null
          },
          "private": "bnVsbA==",
          "dependencies": [
            "module.ecs_cluster.aws_iam_policy.cluster_service_policy",
            "module.ecs_cluster.aws_iam_role.cluster_service_role"
          ]
        }
      ]
    },
    {
      "module": "module.ecs_cluster",
      "mode": "managed",
      "type": "aws_iam_role",
      "name": "cluster_instance_role",
      "provider": "module.ecs_cluster.provider.aws",
      "instances": [
        {
          "schema_version": 0,
          "attributes": {
            "arn": "arn:aws:iam::547042525088:role/terraform-20201205192823745700000004",
            "assume_role_policy": "{\"Version\":\"2012-10-17\",\"Statement\":[{\"Effect\":\"Allow\",\"Principal\":{\"Service\":\"ec2.amazonaws.com\"},\"Action\":\"sts:AssumeRole\"}]}",
            "create_date": "2020-12-05T19:28:24Z",
            "description": "cluster-instance-role-dev-app",
            "force_detach_policies": false,
            "id": "terraform-20201205192823745700000004",
            "max_session_duration": 3600,
            "name": "terraform-20201205192823745700000004",
            "name_prefix": null,
            "path": "/",
            "permissions_boundary": null,
            "tags": {
              "DeploymentIdentifier": "dev"
            },
            "unique_id": "AROAX6XSGP6QLLJK2DIWP"
          },
          "private": "bnVsbA=="
        }
      ]
    },
    {
      "module": "module.ecs_cluster",
      "mode": "managed",
      "type": "aws_iam_role",
      "name": "cluster_service_role",
      "provider": "module.ecs_cluster.provider.aws",
      "instances": [
        {
          "schema_version": 0,
          "attributes": {
            "arn": "arn:aws:iam::547042525088:role/terraform-20201205192823745100000003",
            "assume_role_policy": "{\"Version\":\"2012-10-17\",\"Statement\":[{\"Effect\":\"Allow\",\"Principal\":{\"Service\":\"ecs.amazonaws.com\"},\"Action\":\"sts:AssumeRole\"}]}",
            "create_date": "2020-12-05T19:28:24Z",
            "description": "cluster-service-role-dev-app",
            "force_detach_policies": false,
            "id": "terraform-20201205192823745100000003",
            "max_session_duration": 3600,
            "name": "terraform-20201205192823745100000003",
            "name_prefix": null,
            "path": "/",
            "permissions_boundary": null,
            "tags": {
              "DeploymentIdentifier": "dev"
            },
            "unique_id": "AROAX6XSGP6QATYWXHLY6"
          },
          "private": "bnVsbA=="
        }
      ]
    },
    {
      "module": "module.ecs_cluster",
      "mode": "managed",
      "type": "aws_key_pair",
      "name": "cluster",
      "each": "list",
      "provider": "module.ecs_cluster.provider.aws",
      "instances": [
        {
          "index_key": 0,
          "schema_version": 1,
          "attributes": {
            "fingerprint": "44:59:b2:d4:e8:34:e7:6a:fe:99:e0:d3:7c:79:72:9f",
            "id": "cluster-dev-app",
            "key_name": "cluster-dev-app",
            "key_name_prefix": null,
            "key_pair_id": "key-0f329e623664b90aa",
            "public_key": "ssh-rsa AAAAB3NzaC1yc2EAAAADAQABAAABAQDYkYkbz566rfS4scgDmBRpzU9FMRZikFvO5CDSQmpAhgAglo0/f0SDbbZYdDOi4evMZWzz/VIL4grQtabHmEkowfZxX2tRoJNzJfVTNYyQl2mHL79ifOOVwm4k16R5K/tBnb/zvIeAcg2dmgBgVLSD+sxajA5U68HHV6KcCZX5aiXEkxOCPWEtVBLoRtl1H2yhXmBSxM749uNfkGAHQVh3A6HSOTTVG9TA8V0N3ITD17E+Id5/dejAECpOIBO+YyawEuabrRsIf7v3V900ZclGzfYpxKLUnxfotmNZZ1S5uBV05fPfGgcVi7L30NHEwnaYuSsv35t44OdEFjNP1Zpv akshaypk@Akshays-MacBook-Pro-2.local",
            "tags": null
          },
          "private": "eyJzY2hlbWFfdmVyc2lvbiI6IjEifQ=="
        }
      ]
    },
    {
      "module": "module.ecs_cluster",
      "mode": "managed",
      "type": "aws_launch_configuration",
      "name": "cluster",
      "provider": "module.ecs_cluster.provider.aws",
      "instances": [
        {
          "schema_version": 0,
          "attributes": {
            "arn": "arn:aws:autoscaling:ap-south-1:547042525088:launchConfiguration:a35de9b9-427a-4ee9-b77a-2c2ae334d304:launchConfigurationName/cluster-dev-app-20201205192900212800000006",
            "associate_public_ip_address": true,
            "ebs_block_device": [],
            "ebs_optimized": false,
            "enable_monitoring": true,
            "ephemeral_block_device": [],
            "iam_instance_profile": "cluster-instance-profile-dev-app",
            "id": "cluster-dev-app-20201205192900212800000006",
            "image_id": "ami-01ab67467126a45fb",
            "instance_type": "t3.small",
            "key_name": "cluster-dev-app",
            "name": "cluster-dev-app-20201205192900212800000006",
            "name_prefix": "cluster-dev-app-",
            "placement_tenancy": null,
            "root_block_device": [
              {
                "delete_on_termination": true,
                "encrypted": false,
                "iops": 0,
                "volume_size": 50,
                "volume_type": "standard"
              }
            ],
            "security_groups": [
              "sg-00f0d2ec6235a5fff"
            ],
            "spot_price": "",
            "user_data": "052587245c572cfbf2d971f6a0050d5b461b33d9",
            "user_data_base64": null,
            "vpc_classic_link_id": "",
            "vpc_classic_link_security_groups": null
          },
          "private": "bnVsbA==",
          "dependencies": [
            "module.ecs_cluster.aws_iam_instance_profile.cluster",
            "module.ecs_cluster.aws_iam_policy.cluster_instance_policy",
            "module.ecs_cluster.aws_iam_policy.cluster_service_policy",
            "module.ecs_cluster.aws_iam_policy_attachment.cluster_instance_policy_attachment",
            "module.ecs_cluster.aws_iam_policy_attachment.cluster_service_policy_attachment",
            "module.ecs_cluster.aws_iam_role.cluster_instance_role",
            "module.ecs_cluster.aws_iam_role.cluster_service_role",
            "module.ecs_cluster.aws_key_pair.cluster",
            "module.ecs_cluster.aws_security_group.cluster",
            "module.ecs_cluster.null_resource.iam_wait"
          ]
        }
      ]
    },
    {
      "module": "module.ecs_cluster",
      "mode": "managed",
      "type": "aws_lb",
      "name": "test",
      "provider": "module.ecs_cluster.provider.aws",
      "instances": [
        {
          "schema_version": 0,
          "attributes": {
            "access_logs": [
              {
                "bucket": "",
                "enabled": false,
                "prefix": ""
              }
            ],
            "arn": "arn:aws:elasticloadbalancing:ap-south-1:547042525088:loadbalancer/app/dev-app-alb/956d553754cffd4a",
            "arn_suffix": "app/dev-app-alb/956d553754cffd4a",
            "dns_name": "dev-app-alb-1044938033.ap-south-1.elb.amazonaws.com",
            "drop_invalid_header_fields": false,
            "enable_cross_zone_load_balancing": null,
            "enable_deletion_protection": false,
            "enable_http2": true,
            "id": "arn:aws:elasticloadbalancing:ap-south-1:547042525088:loadbalancer/app/dev-app-alb/956d553754cffd4a",
            "idle_timeout": 60,
            "internal": false,
            "ip_address_type": "ipv4",
            "load_balancer_type": "application",
            "name": "dev-app-alb",
            "name_prefix": null,
            "security_groups": [
              "sg-0fca5470fe556c75f"
            ],
            "subnet_mapping": [
              {
                "allocation_id": "",
                "subnet_id": "subnet-1da39675"
              },
              {
                "allocation_id": "",
                "subnet_id": "subnet-2ca70b57"
              },
              {
                "allocation_id": "",
                "subnet_id": "subnet-8947ddc5"
              }
            ],
            "subnets": [
              "subnet-1da39675",
              "subnet-2ca70b57",
              "subnet-8947ddc5"
            ],
            "tags": {
              "DeploymentIdentifier": "dev"
            },
            "timeouts": null,
            "vpc_id": "vpc-884c43e0",
            "zone_id": "ZP97RAFLXTNZK"
          },
          "private": "eyJlMmJmYjczMC1lY2FhLTExZTYtOGY4OC0zNDM2M2JjN2M0YzAiOnsiY3JlYXRlIjo2MDAwMDAwMDAwMDAsImRlbGV0ZSI6NjAwMDAwMDAwMDAwLCJ1cGRhdGUiOjYwMDAwMDAwMDAwMH19",
          "dependencies": [
            "module.ecs_cluster.aws_security_group.allow_http"
          ]
        }
      ]
    },
    {
      "module": "module.ecs_cluster",
      "mode": "managed",
      "type": "aws_lb_listener",
      "name": "front_end",
      "provider": "module.ecs_cluster.provider.aws",
      "instances": [
        {
          "schema_version": 0,
          "attributes": {
            "arn": "arn:aws:elasticloadbalancing:ap-south-1:547042525088:listener/app/dev-app-alb/956d553754cffd4a/4678a69395ba39e0",
            "certificate_arn": null,
            "default_action": [
              {
                "authenticate_cognito": [],
                "authenticate_oidc": [],
                "fixed_response": [],
                "forward": [],
                "order": 1,
                "redirect": [],
                "target_group_arn": "arn:aws:elasticloadbalancing:ap-south-1:547042525088:targetgroup/dev-app-tg/3f2791ea8aa56d36",
                "type": "forward"
              }
            ],
            "id": "arn:aws:elasticloadbalancing:ap-south-1:547042525088:listener/app/dev-app-alb/956d553754cffd4a/4678a69395ba39e0",
            "load_balancer_arn": "arn:aws:elasticloadbalancing:ap-south-1:547042525088:loadbalancer/app/dev-app-alb/956d553754cffd4a",
            "port": 80,
            "protocol": "HTTP",
            "ssl_policy": "",
            "timeouts": null
          },
          "private": "eyJlMmJmYjczMC1lY2FhLTExZTYtOGY4OC0zNDM2M2JjN2M0YzAiOnsicmVhZCI6NjAwMDAwMDAwMDAwfX0=",
          "dependencies": [
            "module.ecs_cluster.aws_lb.test",
            "module.ecs_cluster.aws_lb_target_group.test",
            "module.ecs_cluster.aws_security_group.allow_http"
          ]
        }
      ]
    },
    {
      "module": "module.ecs_cluster",
      "mode": "managed",
      "type": "aws_lb_target_group",
      "name": "test",
      "provider": "module.ecs_cluster.provider.aws",
      "instances": [
        {
          "schema_version": 0,
          "attributes": {
            "arn": "arn:aws:elasticloadbalancing:ap-south-1:547042525088:targetgroup/dev-app-tg/3f2791ea8aa56d36",
            "arn_suffix": "targetgroup/dev-app-tg/3f2791ea8aa56d36",
            "deregistration_delay": 300,
            "health_check": [
              {
                "enabled": true,
                "healthy_threshold": 5,
                "interval": 30,
                "matcher": "200",
                "path": "/",
                "port": "traffic-port",
                "protocol": "HTTP",
                "timeout": 5,
                "unhealthy_threshold": 2
              }
            ],
            "id": "arn:aws:elasticloadbalancing:ap-south-1:547042525088:targetgroup/dev-app-tg/3f2791ea8aa56d36",
            "lambda_multi_value_headers_enabled": false,
            "load_balancing_algorithm_type": "round_robin",
            "name": "dev-app-tg",
            "name_prefix": null,
            "port": 80,
            "protocol": "HTTP",
            "proxy_protocol_v2": false,
            "slow_start": 0,
            "stickiness": [
              {
                "cookie_duration": 86400,
                "enabled": false,
                "type": "lb_cookie"
              }
            ],
            "tags": null,
            "target_type": "instance",
            "vpc_id": "vpc-884c43e0"
          },
          "private": "bnVsbA=="
        }
      ]
    },
    {
      "module": "module.ecs_cluster",
      "mode": "managed",
      "type": "aws_security_group",
      "name": "allow_db",
      "provider": "module.ecs_cluster.provider.aws",
      "instances": [
        {
          "schema_version": 1,
          "attributes": {
            "arn": "arn:aws:ec2:ap-south-1:547042525088:security-group/sg-01ffafaca9f1c242f",
            "description": "Allow inbound traffic to db",
            "egress": [
              {
                "cidr_blocks": [
                  "0.0.0.0/0"
                ],
                "description": "",
                "from_port": 0,
                "ipv6_cidr_blocks": [],
                "prefix_list_ids": [],
                "protocol": "-1",
                "security_groups": [],
                "self": false,
                "to_port": 0
              }
            ],
            "id": "sg-01ffafaca9f1c242f",
            "ingress": [
              {
                "cidr_blocks": [
                  "0.0.0.0/0"
                ],
                "description": "mysql",
                "from_port": 3306,
                "ipv6_cidr_blocks": [],
                "prefix_list_ids": [],
                "protocol": "tcp",
                "security_groups": [],
                "self": false,
                "to_port": 3306
              }
            ],
            "name": "allow_db",
            "name_prefix": null,
            "owner_id": "547042525088",
            "revoke_rules_on_delete": false,
            "tags": {
              "Name": "LB security group"
            },
            "timeouts": null,
            "vpc_id": "vpc-884c43e0"
          },
          "private": "eyJlMmJmYjczMC1lY2FhLTExZTYtOGY4OC0zNDM2M2JjN2M0YzAiOnsiY3JlYXRlIjo2MDAwMDAwMDAwMDAsImRlbGV0ZSI6NjAwMDAwMDAwMDAwfSwic2NoZW1hX3ZlcnNpb24iOiIxIn0="
        }
      ]
    },
    {
      "module": "module.ecs_cluster",
      "mode": "managed",
      "type": "aws_security_group",
      "name": "allow_http",
      "provider": "module.ecs_cluster.provider.aws",
      "instances": [
        {
          "schema_version": 1,
          "attributes": {
            "arn": "arn:aws:ec2:ap-south-1:547042525088:security-group/sg-0fca5470fe556c75f",
            "description": "Allow TLS inbound traffic",
            "egress": [
              {
                "cidr_blocks": [
                  "0.0.0.0/0"
                ],
                "description": "",
                "from_port": 0,
                "ipv6_cidr_blocks": [],
                "prefix_list_ids": [],
                "protocol": "-1",
                "security_groups": [],
                "self": false,
                "to_port": 0
              }
            ],
            "id": "sg-0fca5470fe556c75f",
            "ingress": [
              {
                "cidr_blocks": [
                  "0.0.0.0/0"
                ],
                "description": "LB",
                "from_port": 80,
                "ipv6_cidr_blocks": [],
                "prefix_list_ids": [],
                "protocol": "tcp",
                "security_groups": [],
                "self": false,
                "to_port": 80
              }
            ],
            "name": "allow_http",
            "name_prefix": null,
            "owner_id": "547042525088",
            "revoke_rules_on_delete": false,
            "tags": {
              "Name": "LB security group"
            },
            "timeouts": null,
            "vpc_id": "vpc-884c43e0"
          },
          "private": "eyJlMmJmYjczMC1lY2FhLTExZTYtOGY4OC0zNDM2M2JjN2M0YzAiOnsiY3JlYXRlIjo2MDAwMDAwMDAwMDAsImRlbGV0ZSI6NjAwMDAwMDAwMDAwfSwic2NoZW1hX3ZlcnNpb24iOiIxIn0="
        }
      ]
    },
    {
      "module": "module.ecs_cluster",
      "mode": "managed",
      "type": "aws_security_group",
      "name": "cluster",
      "provider": "module.ecs_cluster.provider.aws",
      "instances": [
        {
          "schema_version": 1,
          "attributes": {
            "arn": "arn:aws:ec2:ap-south-1:547042525088:security-group/sg-00f0d2ec6235a5fff",
            "description": "deployment: dev, cluster: app",
            "egress": [],
            "id": "sg-00f0d2ec6235a5fff",
            "ingress": [],
            "name": "dev-app",
            "name_prefix": null,
            "owner_id": "547042525088",
            "revoke_rules_on_delete": false,
            "tags": {
              "ClusterName": "app",
              "DeploymentIdentifier": "dev",
              "Name": "dev-app"
            },
            "timeouts": null,
            "vpc_id": "vpc-884c43e0"
          },
          "private": "eyJlMmJmYjczMC1lY2FhLTExZTYtOGY4OC0zNDM2M2JjN2M0YzAiOnsiY3JlYXRlIjo2MDAwMDAwMDAwMDAsImRlbGV0ZSI6NjAwMDAwMDAwMDAwfSwic2NoZW1hX3ZlcnNpb24iOiIxIn0="
        }
      ]
    },
    {
      "module": "module.ecs_cluster",
      "mode": "managed",
      "type": "aws_security_group_rule",
      "name": "cluster_default_egress",
      "each": "list",
      "provider": "module.ecs_cluster.provider.aws",
      "instances": [
        {
          "index_key": 0,
          "schema_version": 2,
          "attributes": {
            "cidr_blocks": [
              "0.0.0.0/0"
            ],
            "description": null,
            "from_port": 0,
            "id": "sgrule-2772180627",
            "ipv6_cidr_blocks": null,
            "prefix_list_ids": null,
            "protocol": "-1",
            "security_group_id": "sg-00f0d2ec6235a5fff",
            "self": false,
            "source_security_group_id": null,
            "to_port": 0,
            "type": "egress"
          },
          "private": "eyJzY2hlbWFfdmVyc2lvbiI6IjIifQ==",
          "dependencies": [
            "module.ecs_cluster.aws_security_group.cluster"
          ]
        }
      ]
    },
    {
      "module": "module.ecs_cluster",
      "mode": "managed",
      "type": "aws_security_group_rule",
      "name": "cluster_default_ingress",
      "each": "list",
      "provider": "module.ecs_cluster.provider.aws",
      "instances": [
        {
          "index_key": 0,
          "schema_version": 2,
          "attributes": {
            "cidr_blocks": [
              "172.31.0.0/16"
            ],
            "description": null,
            "from_port": 0,
            "id": "sgrule-605680059",
            "ipv6_cidr_blocks": null,
            "prefix_list_ids": null,
            "protocol": "-1",
            "security_group_id": "sg-00f0d2ec6235a5fff",
            "self": false,
            "source_security_group_id": null,
            "to_port": 0,
            "type": "ingress"
          },
          "private": "eyJzY2hlbWFfdmVyc2lvbiI6IjIifQ==",
          "dependencies": [
            "module.ecs_cluster.aws_security_group.cluster"
          ]
        }
      ]
    },
    {
      "module": "module.ecs_cluster",
      "mode": "managed",
      "type": "aws_security_group_rule",
      "name": "cluster_default_ingress_app",
      "each": "list",
      "provider": "module.ecs_cluster.provider.aws",
      "instances": [
        {
          "index_key": 0,
          "schema_version": 2,
          "attributes": {
            "cidr_blocks": [
              "0.0.0.0/0"
            ],
            "description": null,
            "from_port": 30000,
            "id": "sgrule-3953253812",
            "ipv6_cidr_blocks": null,
            "prefix_list_ids": null,
            "protocol": "-1",
            "security_group_id": "sg-00f0d2ec6235a5fff",
            "self": false,
            "source_security_group_id": null,
            "to_port": 34000,
            "type": "ingress"
          },
          "private": "eyJzY2hlbWFfdmVyc2lvbiI6IjIifQ==",
          "dependencies": [
            "module.ecs_cluster.aws_security_group.cluster"
          ]
        }
      ]
    },
    {
      "module": "module.ecs_cluster",
      "mode": "managed",
      "type": "null_resource",
      "name": "iam_wait",
      "provider": "provider.null",
      "instances": [
        {
          "schema_version": 0,
          "attributes": {
            "id": "8064362525141969115",
            "triggers": null
          },
          "private": "bnVsbA==",
          "dependencies": [
            "module.ecs_cluster.aws_iam_instance_profile.cluster",
            "module.ecs_cluster.aws_iam_policy.cluster_instance_policy",
            "module.ecs_cluster.aws_iam_policy.cluster_service_policy",
            "module.ecs_cluster.aws_iam_policy_attachment.cluster_instance_policy_attachment",
            "module.ecs_cluster.aws_iam_policy_attachment.cluster_service_policy_attachment",
            "module.ecs_cluster.aws_iam_role.cluster_instance_role",
            "module.ecs_cluster.aws_iam_role.cluster_service_role"
          ]
        }
      ]
    }
  ]
}
